{"filter":false,"title":"Gemfile.lock","tooltip":"/Gemfile.lock","ace":{"folds":[],"scrolltop":1506.0000276565552,"scrollleft":0,"selection":{"start":{"row":0,"column":0},"end":{"row":0,"column":0},"isBackwards":false},"options":{"guessTabSize":true,"useWrapMode":false,"wrapToView":true},"firstLineState":{"row":3,"mode":"ace/mode/text"},"cleansed":true},"hash":"cd654528b8a8983a14cee1ba9ccf221560790e2a","undoManager":{"mark":0,"position":-1,"stack":[]},"timestamp":1422771163585}