{"filter":false,"title":"Gemfile.lock","tooltip":"/Gemfile.lock","undoManager":{"mark":0,"position":0,"stack":[[{"group":"doc","deltas":[{"start":{"row":83,"column":12},"end":{"row":83,"column":13},"action":"remove","lines":["4"]},{"start":{"row":83,"column":12},"end":{"row":83,"column":13},"action":"insert","lines":["2"]},{"start":{"row":83,"column":15},"end":{"row":83,"column":16},"action":"remove","lines":["1"]},{"start":{"row":83,"column":15},"end":{"row":83,"column":16},"action":"insert","lines":["9"]},{"start":{"row":84,"column":16},"end":{"row":84,"column":17},"action":"remove","lines":["5"]},{"start":{"row":84,"column":16},"end":{"row":84,"column":17},"action":"insert","lines":["4"]},{"start":{"row":84,"column":20},"end":{"row":84,"column":21},"action":"remove","lines":["1"]},{"start":{"row":84,"column":20},"end":{"row":84,"column":21},"action":"insert","lines":["5"]},{"start":{"row":86,"column":17},"end":{"row":86,"column":18},"action":"remove","lines":["1"]},{"start":{"row":86,"column":17},"end":{"row":86,"column":20},"action":"insert","lines":["2.2"]},{"start":{"row":87,"column":17},"end":{"row":87,"column":18},"action":"insert","lines":["~"]},{"start":{"row":87,"column":19},"end":{"row":87,"column":20},"action":"remove","lines":["="]},{"start":{"row":87,"column":27},"end":{"row":87,"column":28},"action":"remove","lines":["4"]},{"start":{"row":87,"column":27},"end":{"row":87,"column":28},"action":"insert","lines":["3"]},{"start":{"row":88,"column":23},"end":{"row":88,"column":24},"action":"insert","lines":["~"]},{"start":{"row":88,"column":25},"end":{"row":88,"column":26},"action":"remove","lines":["="]},{"start":{"row":88,"column":29},"end":{"row":89,"column":18},"action":"remove","lines":[", < 4.0)","      tilt (~> 1.1"]},{"start":{"row":124,"column":17},"end":{"row":124,"column":18},"action":"remove","lines":["5"]},{"start":{"row":124,"column":17},"end":{"row":124,"column":18},"action":"insert","lines":["4"]},{"start":{"row":124,"column":21},"end":{"row":124,"column":22},"action":"remove","lines":["1"]},{"start":{"row":124,"column":21},"end":{"row":124,"column":22},"action":"insert","lines":["2"]},{"start":{"row":118,"column":25},"end":{"row":118,"column":26},"action":"remove","lines":["3"]},{"start":{"row":118,"column":25},"end":{"row":118,"column":26},"action":"insert","lines":["2"]}]}]]},"ace":{"folds":[],"scrolltop":1506.0000276565552,"scrollleft":0,"selection":{"start":{"row":0,"column":0},"end":{"row":0,"column":0},"isBackwards":false},"options":{"guessTabSize":true,"useWrapMode":false,"wrapToView":true},"firstLineState":{"row":3,"mode":"ace/mode/text"}},"timestamp":1422771163585,"hash":"e4de5b8af0cad4803e95317bd591a406cd9e8751"}